
Microsoft Visual Studio Solution File, Format Version 12.00
# Visual Studio Version 16
VisualStudioVersion = 16.0.30503.244
MinimumVisualStudioVersion = 10.0.40219.1
Project("{FAE04EC0-301F-11D3-BF4B-00C04F79EFBC}") = "Calculator", "Calculator\Calculator.csproj", "{BF690F40-01A0-4A66-BEF3-A70B11137352}"
EndProject
Project("{9A19103F-16F7-4668-BE54-9A1E7A4F7556}") = "Models", "Models\Models.csproj", "{AC899135-ADD0-4E75-AEE1-7923C71E7941}"
EndProject
Project("{9A19103F-16F7-4668-BE54-9A1E7A4F7556}") = "XUnitTestsCalculator", "XUnitTests\XUnitTestsCalculator.csproj", "{A21B54B1-795B-42DE-BAA3-4391844C7A44}"
EndProject
Global
	GlobalSection(SolutionConfigurationPlatforms) = preSolution
		Debug|Any CPU = Debug|Any CPU
		Release|Any CPU = Release|Any CPU
	EndGlobalSection
	GlobalSection(ProjectConfigurationPlatforms) = postSolution
		{BF690F40-01A0-4A66-BEF3-A70B11137352}.Debug|Any CPU.ActiveCfg = Debug|Any CPU
		{BF690F40-01A0-4A66-BEF3-A70B11137352}.Debug|Any CPU.Build.0 = Debug|Any CPU
		{BF690F40-01A0-4A66-BEF3-A70B11137352}.Release|Any CPU.ActiveCfg = Release|Any CPU
		{BF690F40-01A0-4A66-BEF3-A70B11137352}.Release|Any CPU.Build.0 = Release|Any CPU
		{AC899135-ADD0-4E75-AEE1-7923C71E7941}.Debug|Any CPU.ActiveCfg = Debug|Any CPU
		{AC899135-ADD0-4E75-AEE1-7923C71E7941}.Debug|Any CPU.Build.0 = Debug|Any CPU
		{AC899135-ADD0-4E75-AEE1-7923C71E7941}.Release|Any CPU.ActiveCfg = Release|Any CPU
		{AC899135-ADD0-4E75-AEE1-7923C71E7941}.Release|Any CPU.Build.0 = Release|Any CPU
		{A21B54B1-795B-42DE-BAA3-4391844C7A44}.Debug|Any CPU.ActiveCfg = Debug|Any CPU
		{A21B54B1-795B-42DE-BAA3-4391844C7A44}.Debug|Any CPU.Build.0 = Debug|Any CPU
		{A21B54B1-795B-42DE-BAA3-4391844C7A44}.Release|Any CPU.ActiveCfg = Release|Any CPU
		{A21B54B1-795B-42DE-BAA3-4391844C7A44}.Release|Any CPU.Build.0 = Release|Any CPU
	EndGlobalSection
	GlobalSection(SolutionProperties) = preSolution
		HideSolutionNode = FALSE
	EndGlobalSection
	GlobalSection(ExtensibilityGlobals) = postSolution
		SolutionGuid = {B56BB7EF-2874-4E06-AAF6-FE4989DBB50A}
	EndGlobalSection
EndGlobal
